# generated by rye
# use `rye lock` or `rye sync` to update this lockfile
#
# last locked with the following flags:
#   pre: false
#   features: []
#   all-features: false
#   with-sources: false
#   generate-hashes: false
#   universal: false

-e file:.
anyio==4.12.1
    # via httpx
beautifulsoup4==4.14.3
    # via nnmm
certifi==2026.1.4
    # via httpcore
    # via httpx
    # via requests
cffi==2.0.0
    # via cryptography
charset-normalizer==3.4.4
    # via requests
coverage==7.13.4
    # via nnmm
cryptography==46.0.5
    # via nnmm
darkdetect==0.7.1
    # via pyqtdarktheme
emoji==2.15.0
    # via nnmm
freezegun==1.5.5
    # via nnmm
greenlet==3.3.1
    # via sqlalchemy
h11==0.16.0
    # via httpcore
httpcore==1.0.9
    # via httpx
httpx==0.28.1
    # via nnmm
idna==3.11
    # via anyio
    # via httpx
    # via requests
isort==7.0.0
    # via nnmm
mock==5.2.0
    # via nnmm
orjson==3.11.7
    # via nnmm
pycodestyle==2.14.0
    # via nnmm
pycparser==3.0
    # via cffi
pyperclip==1.11.0
    # via nnmm
pyqtdarktheme==2.1.0
    # via nnmm
pyside6==6.10.2
    # via nnmm
pyside6-addons==6.10.2
    # via pyside6
pyside6-essentials==6.10.2
    # via pyside6
    # via pyside6-addons
python-dateutil==2.9.0.post0
    # via freezegun
requests==2.32.5
    # via nnmm
ruff==0.15.0
    # via nnmm
shiboken6==6.10.2
    # via pyside6
    # via pyside6-addons
    # via pyside6-essentials
six==1.17.0
    # via python-dateutil
soupsieve==2.8.3
    # via beautifulsoup4
sqlalchemy==2.0.46
    # via nnmm
typing-extensions==4.15.0
    # via anyio
    # via beautifulsoup4
    # via sqlalchemy
urllib3==2.6.3
    # via requests
xmltodict==1.0.2
    # via nnmm
