# generated by rye
# use `rye lock` or `rye sync` to update this lockfile
#
# last locked with the following flags:
#   pre: false
#   features: []
#   all-features: false
#   with-sources: false
#   generate-hashes: false

-e file:.
anyio==4.4.0
    # via httpx
beautifulsoup4==4.12.3
    # via nnmm
certifi==2024.6.2
    # via httpcore
    # via httpx
    # via requests
cffi==1.16.0
    # via cryptography
charset-normalizer==3.3.2
    # via requests
coverage==7.5.3
    # via nnmm
cryptography==42.0.7
    # via nnmm
emoji==2.12.1
    # via nnmm
freezegun==1.5.1
    # via nnmm
greenlet==3.0.3
    # via sqlalchemy
h11==0.14.0
    # via httpcore
httpcore==1.0.5
    # via httpx
httpx==0.27.0
    # via nnmm
idna==3.7
    # via anyio
    # via httpx
    # via requests
isort==5.13.2
    # via nnmm
mock==5.1.0
    # via nnmm
orjson==3.10.3
    # via nnmm
pyasn1==0.6.0
    # via rsa
pycodestyle==2.11.1
    # via nnmm
pycparser==2.22
    # via cffi
pyperclip==1.8.2
    # via nnmm
pysimplegui==5.0.5
    # via nnmm
python-dateutil==2.9.0.post0
    # via freezegun
requests==2.32.3
    # via nnmm
rsa==4.9
    # via pysimplegui
ruff==0.4.7
    # via nnmm
six==1.16.0
    # via python-dateutil
sniffio==1.3.1
    # via anyio
    # via httpx
soupsieve==2.5
    # via beautifulsoup4
sqlalchemy==2.0.30
    # via nnmm
typing-extensions==4.12.1
    # via emoji
    # via sqlalchemy
urllib3==2.2.1
    # via requests
xmltodict==0.13.0
    # via nnmm
